
Microsoft Visual Studio Solution File, Format Version 12.00
# Visual Studio Version 16
VisualStudioVersion = 16.0.31205.134
MinimumVisualStudioVersion = 10.0.40219.1
Project("{FAE04EC0-301F-11D3-BF4B-00C04F79EFBC}") = "Lab5.1", "Lab5.1\Lab5.1.csproj", "{3A169ACB-3CF6-4BA2-AEB3-EB3A81459641}"
EndProject
Global
	GlobalSection(SolutionConfigurationPlatforms) = preSolution
		Debug|Any CPU = Debug|Any CPU
		Release|Any CPU = Release|Any CPU
	EndGlobalSection
	GlobalSection(ProjectConfigurationPlatforms) = postSolution
		{3A169ACB-3CF6-4BA2-AEB3-EB3A81459641}.Debug|Any CPU.ActiveCfg = Debug|Any CPU
		{3A169ACB-3CF6-4BA2-AEB3-EB3A81459641}.Debug|Any CPU.Build.0 = Debug|Any CPU
		{3A169ACB-3CF6-4BA2-AEB3-EB3A81459641}.Release|Any CPU.ActiveCfg = Release|Any CPU
		{3A169ACB-3CF6-4BA2-AEB3-EB3A81459641}.Release|Any CPU.Build.0 = Release|Any CPU
	EndGlobalSection
	GlobalSection(SolutionProperties) = preSolution
		HideSolutionNode = FALSE
	EndGlobalSection
	GlobalSection(ExtensibilityGlobals) = postSolution
		SolutionGuid = {C1DC70B2-BB2B-4D1D-BE0F-8475BE431CD7}
	EndGlobalSection
EndGlobal
